
Microsoft Visual Studio Solution File, Format Version 12.00
# Visual Studio Version 17
VisualStudioVersion = 17.5.33502.453
MinimumVisualStudioVersion = 10.0.40219.1
Project("{FAE04EC0-301F-11D3-BF4B-00C04F79EFBC}") = "Presentation", "BallsCollisions\Presentation.csproj", "{7D3729A7-6B42-49E4-8B17-25AC2C3105C4}"
EndProject
Project("{FAE04EC0-301F-11D3-BF4B-00C04F79EFBC}") = "Logic", "Logic\Logic.csproj", "{FE4202AC-519A-4DDB-B50C-8F953C96ED17}"
EndProject
Project("{FAE04EC0-301F-11D3-BF4B-00C04F79EFBC}") = "Data", "Data\Data.csproj", "{C2783DB7-8F5E-4020-8A63-876FF82B530B}"
EndProject
Project("{FAE04EC0-301F-11D3-BF4B-00C04F79EFBC}") = "DataTest", "DataTest\DataTest.csproj", "{C78AADBF-804E-4605-AB23-1389C3F5A062}"
EndProject
Project("{FAE04EC0-301F-11D3-BF4B-00C04F79EFBC}") = "LogicTest", "LogicTest\LogicTest.csproj", "{E2BA7A85-3173-4694-8A5E-8637467C46AA}"
EndProject
Global
	GlobalSection(SolutionConfigurationPlatforms) = preSolution
		Debug|Any CPU = Debug|Any CPU
		Release|Any CPU = Release|Any CPU
	EndGlobalSection
	GlobalSection(ProjectConfigurationPlatforms) = postSolution
		{7D3729A7-6B42-49E4-8B17-25AC2C3105C4}.Debug|Any CPU.ActiveCfg = Debug|Any CPU
		{7D3729A7-6B42-49E4-8B17-25AC2C3105C4}.Debug|Any CPU.Build.0 = Debug|Any CPU
		{7D3729A7-6B42-49E4-8B17-25AC2C3105C4}.Release|Any CPU.ActiveCfg = Release|Any CPU
		{7D3729A7-6B42-49E4-8B17-25AC2C3105C4}.Release|Any CPU.Build.0 = Release|Any CPU
		{FE4202AC-519A-4DDB-B50C-8F953C96ED17}.Debug|Any CPU.ActiveCfg = Debug|Any CPU
		{FE4202AC-519A-4DDB-B50C-8F953C96ED17}.Debug|Any CPU.Build.0 = Debug|Any CPU
		{FE4202AC-519A-4DDB-B50C-8F953C96ED17}.Release|Any CPU.ActiveCfg = Release|Any CPU
		{FE4202AC-519A-4DDB-B50C-8F953C96ED17}.Release|Any CPU.Build.0 = Release|Any CPU
		{C2783DB7-8F5E-4020-8A63-876FF82B530B}.Debug|Any CPU.ActiveCfg = Debug|Any CPU
		{C2783DB7-8F5E-4020-8A63-876FF82B530B}.Debug|Any CPU.Build.0 = Debug|Any CPU
		{C2783DB7-8F5E-4020-8A63-876FF82B530B}.Release|Any CPU.ActiveCfg = Release|Any CPU
		{C2783DB7-8F5E-4020-8A63-876FF82B530B}.Release|Any CPU.Build.0 = Release|Any CPU
		{C78AADBF-804E-4605-AB23-1389C3F5A062}.Debug|Any CPU.ActiveCfg = Debug|Any CPU
		{C78AADBF-804E-4605-AB23-1389C3F5A062}.Debug|Any CPU.Build.0 = Debug|Any CPU
		{C78AADBF-804E-4605-AB23-1389C3F5A062}.Release|Any CPU.ActiveCfg = Release|Any CPU
		{C78AADBF-804E-4605-AB23-1389C3F5A062}.Release|Any CPU.Build.0 = Release|Any CPU
		{E2BA7A85-3173-4694-8A5E-8637467C46AA}.Debug|Any CPU.ActiveCfg = Debug|Any CPU
		{E2BA7A85-3173-4694-8A5E-8637467C46AA}.Debug|Any CPU.Build.0 = Debug|Any CPU
		{E2BA7A85-3173-4694-8A5E-8637467C46AA}.Release|Any CPU.ActiveCfg = Release|Any CPU
		{E2BA7A85-3173-4694-8A5E-8637467C46AA}.Release|Any CPU.Build.0 = Release|Any CPU
	EndGlobalSection
	GlobalSection(SolutionProperties) = preSolution
		HideSolutionNode = FALSE
	EndGlobalSection
	GlobalSection(ExtensibilityGlobals) = postSolution
		SolutionGuid = {12227CE3-7F8E-49A5-826C-A7F3CCC14D04}
	EndGlobalSection
EndGlobal
