
Microsoft Visual Studio Solution File, Format Version 12.00
# Visual Studio Version 17
VisualStudioVersion = 17.5.33424.131
MinimumVisualStudioVersion = 10.0.40219.1
Project("{FAE04EC0-301F-11D3-BF4B-00C04F79EFBC}") = "Solution1", "ConsoleApp1\Solution1.csproj", "{70EAEA78-3DA2-4689-978B-42A019E6F5FE}"
EndProject
Project("{FAE04EC0-301F-11D3-BF4B-00C04F79EFBC}") = "CalculatorTest", "CalculatorTest\CalculatorTest.csproj", "{AED55C64-CF92-4E83-AA15-FA2E3C176D7C}"
EndProject
Project("{FAE04EC0-301F-11D3-BF4B-00C04F79EFBC}") = "CalculatorApp", "CalculatorApp\CalculatorApp.csproj", "{98D157D1-96BD-4E5A-929B-922D56F837E8}"
EndProject
Global
	GlobalSection(SolutionConfigurationPlatforms) = preSolution
		Debug|Any CPU = Debug|Any CPU
		Release|Any CPU = Release|Any CPU
	EndGlobalSection
	GlobalSection(ProjectConfigurationPlatforms) = postSolution
		{70EAEA78-3DA2-4689-978B-42A019E6F5FE}.Debug|Any CPU.ActiveCfg = Debug|Any CPU
		{70EAEA78-3DA2-4689-978B-42A019E6F5FE}.Debug|Any CPU.Build.0 = Debug|Any CPU
		{70EAEA78-3DA2-4689-978B-42A019E6F5FE}.Release|Any CPU.ActiveCfg = Release|Any CPU
		{70EAEA78-3DA2-4689-978B-42A019E6F5FE}.Release|Any CPU.Build.0 = Release|Any CPU
		{AED55C64-CF92-4E83-AA15-FA2E3C176D7C}.Debug|Any CPU.ActiveCfg = Debug|Any CPU
		{AED55C64-CF92-4E83-AA15-FA2E3C176D7C}.Debug|Any CPU.Build.0 = Debug|Any CPU
		{AED55C64-CF92-4E83-AA15-FA2E3C176D7C}.Release|Any CPU.ActiveCfg = Release|Any CPU
		{AED55C64-CF92-4E83-AA15-FA2E3C176D7C}.Release|Any CPU.Build.0 = Release|Any CPU
		{98D157D1-96BD-4E5A-929B-922D56F837E8}.Debug|Any CPU.ActiveCfg = Debug|Any CPU
		{98D157D1-96BD-4E5A-929B-922D56F837E8}.Debug|Any CPU.Build.0 = Debug|Any CPU
		{98D157D1-96BD-4E5A-929B-922D56F837E8}.Release|Any CPU.ActiveCfg = Release|Any CPU
		{98D157D1-96BD-4E5A-929B-922D56F837E8}.Release|Any CPU.Build.0 = Release|Any CPU
	EndGlobalSection
	GlobalSection(SolutionProperties) = preSolution
		HideSolutionNode = FALSE
	EndGlobalSection
	GlobalSection(ExtensibilityGlobals) = postSolution
		SolutionGuid = {A56DEEF2-0B0C-4CD8-BB92-3EDD41BB7BE4}
	EndGlobalSection
EndGlobal
